
Microsoft Visual Studio Solution File, Format Version 12.00
# Visual Studio 15
VisualStudioVersion = 15.0.28307.705
MinimumVisualStudioVersion = 10.0.40219.1
Project("{FAE04EC0-301F-11D3-BF4B-00C04F79EFBC}") = "ACM.BL", "ACM.BL\ACM.BL.csproj", "{65692A29-F880-4FDD-A07B-AD6805BB679A}"
EndProject
Project("{2150E333-8FDC-42A3-9474-1A3956D46DE8}") = "Tests", "Tests", "{08F5A6E7-660C-4149-B603-45F0DEE7AF57}"
EndProject
Project("{FAE04EC0-301F-11D3-BF4B-00C04F79EFBC}") = "ACM.BLTest", "ACM.BLTest\ACM.BLTest.csproj", "{A32BE175-C30C-4679-AD6B-DD57E22628B9}"
EndProject
Project("{FAE04EC0-301F-11D3-BF4B-00C04F79EFBC}") = "Acme.Common", "Acme.Common\Acme.Common.csproj", "{0EDE3889-B02E-4A08-AA56-6FFA3F8A0AD6}"
EndProject
Project("{FAE04EC0-301F-11D3-BF4B-00C04F79EFBC}") = "Acme.CommonTest", "Acme.CommonTest\Acme.CommonTest.csproj", "{D22305E3-04F2-43C5-B256-ACAD35C1CBE8}"
EndProject
Global
	GlobalSection(SolutionConfigurationPlatforms) = preSolution
		Debug|Any CPU = Debug|Any CPU
		Release|Any CPU = Release|Any CPU
	EndGlobalSection
	GlobalSection(ProjectConfigurationPlatforms) = postSolution
		{65692A29-F880-4FDD-A07B-AD6805BB679A}.Debug|Any CPU.ActiveCfg = Debug|Any CPU
		{65692A29-F880-4FDD-A07B-AD6805BB679A}.Debug|Any CPU.Build.0 = Debug|Any CPU
		{65692A29-F880-4FDD-A07B-AD6805BB679A}.Release|Any CPU.ActiveCfg = Release|Any CPU
		{65692A29-F880-4FDD-A07B-AD6805BB679A}.Release|Any CPU.Build.0 = Release|Any CPU
		{A32BE175-C30C-4679-AD6B-DD57E22628B9}.Debug|Any CPU.ActiveCfg = Debug|Any CPU
		{A32BE175-C30C-4679-AD6B-DD57E22628B9}.Debug|Any CPU.Build.0 = Debug|Any CPU
		{A32BE175-C30C-4679-AD6B-DD57E22628B9}.Release|Any CPU.ActiveCfg = Release|Any CPU
		{A32BE175-C30C-4679-AD6B-DD57E22628B9}.Release|Any CPU.Build.0 = Release|Any CPU
		{0EDE3889-B02E-4A08-AA56-6FFA3F8A0AD6}.Debug|Any CPU.ActiveCfg = Debug|Any CPU
		{0EDE3889-B02E-4A08-AA56-6FFA3F8A0AD6}.Debug|Any CPU.Build.0 = Debug|Any CPU
		{0EDE3889-B02E-4A08-AA56-6FFA3F8A0AD6}.Release|Any CPU.ActiveCfg = Release|Any CPU
		{0EDE3889-B02E-4A08-AA56-6FFA3F8A0AD6}.Release|Any CPU.Build.0 = Release|Any CPU
		{D22305E3-04F2-43C5-B256-ACAD35C1CBE8}.Debug|Any CPU.ActiveCfg = Debug|Any CPU
		{D22305E3-04F2-43C5-B256-ACAD35C1CBE8}.Debug|Any CPU.Build.0 = Debug|Any CPU
		{D22305E3-04F2-43C5-B256-ACAD35C1CBE8}.Release|Any CPU.ActiveCfg = Release|Any CPU
		{D22305E3-04F2-43C5-B256-ACAD35C1CBE8}.Release|Any CPU.Build.0 = Release|Any CPU
	EndGlobalSection
	GlobalSection(SolutionProperties) = preSolution
		HideSolutionNode = FALSE
	EndGlobalSection
	GlobalSection(NestedProjects) = preSolution
		{A32BE175-C30C-4679-AD6B-DD57E22628B9} = {08F5A6E7-660C-4149-B603-45F0DEE7AF57}
		{D22305E3-04F2-43C5-B256-ACAD35C1CBE8} = {08F5A6E7-660C-4149-B603-45F0DEE7AF57}
	EndGlobalSection
	GlobalSection(ExtensibilityGlobals) = postSolution
		SolutionGuid = {CBB89353-447C-4FD2-8DE9-65C4DFA0C157}
	EndGlobalSection
EndGlobal
